// !$*UTF8*$!
{
	archiveVersion = 1;
	classes = {
	};
	objectVersion = 77;
	objects = {

/* Begin PBXBuildFile section */
		B815E1152DAD7E1400CED262 /* Kingfisher in Frameworks */ = {isa = PBXBuildFile; productRef = B815E1142DAD7E1400CED262 /* Kingfisher */; };
		B815E1182DAD8E0800CED262 /* SwiftKeychainWrapper in Frameworks */ = {isa = PBXBuildFile; productRef = B815E1172DAD8E0800CED262 /* SwiftKeychainWrapper */; };
		B83144D62DA01167000EB66D /* ProfileService.swift in Sources */ = {isa = PBXBuildFile; fileRef = B83144D52DA01161000EB66D /* ProfileService.swift */; };
		B8412EF62DCD41EA000BDACC /* ProfileViewPresenter.swift in Sources */ = {isa = PBXBuildFile; fileRef = B8412EF52DCD41E0000BDACC /* ProfileViewPresenter.swift */; };
		B84130402DD269D5000BDACC /* ImageListViewPresenter.swift in Sources */ = {isa = PBXBuildFile; fileRef = B841303F2DD269C8000BDACC /* ImageListViewPresenter.swift */; };
		B84CEFD72D9C675700C7F249 /* ProgressHUD in Frameworks */ = {isa = PBXBuildFile; productRef = B84CEFD62D9C675700C7F249 /* ProgressHUD */; };
		B85ADA4F2DA0775A00510BC0 /* ProfileImageService.swift in Sources */ = {isa = PBXBuildFile; fileRef = B85ADA4E2DA0775500510BC0 /* ProfileImageService.swift */; };
		B86246FF2DC169910086F847 /* WebKit.framework in Frameworks */ = {isa = PBXBuildFile; fileRef = B86246FE2DC169910086F847 /* WebKit.framework */; };
		B86248AF2DC4186B0086F847 /* ProfileLogoutService.swift in Sources */ = {isa = PBXBuildFile; fileRef = B86248AE2DC418680086F847 /* ProfileLogoutService.swift */; };
		B89D28252D73567F007E8D77 /* ImagesListViewController.swift in Sources */ = {isa = PBXBuildFile; fileRef = B89D281D2D73567F007E8D77 /* ImagesListViewController.swift */; };
		B89D28322D73578E007E8D77 /* ImagesListCell.swift in Sources */ = {isa = PBXBuildFile; fileRef = B89D28312D73578A007E8D77 /* ImagesListCell.swift */; };
		B89D29352D764AD1007E8D77 /* ProfileViewController.swift in Sources */ = {isa = PBXBuildFile; fileRef = B89D29342D764ACC007E8D77 /* ProfileViewController.swift */; };
		B89D29372D77A4FA007E8D77 /* SingleImageViewController.swift in Sources */ = {isa = PBXBuildFile; fileRef = B89D29362D77A4F6007E8D77 /* SingleImageViewController.swift */; };
		B8E0BAB62DAEFFA6002257E0 /* ProfileImageServiceResponseBody.swift in Sources */ = {isa = PBXBuildFile; fileRef = B8E0BAB52DAEFF93002257E0 /* ProfileImageServiceResponseBody.swift */; };
		B8E0BAB82DAEFFE0002257E0 /* ProfileServiceResponceBody.swift in Sources */ = {isa = PBXBuildFile; fileRef = B8E0BAB72DAEFFD4002257E0 /* ProfileServiceResponceBody.swift */; };
/* End PBXBuildFile section */

/* Begin PBXContainerItemProxy section */
		B895D54F2D674445006C0C94 /* PBXContainerItemProxy */ = {
			isa = PBXContainerItemProxy;
			containerPortal = B895D5302D674444006C0C94 /* Project object */;
			proxyType = 1;
			remoteGlobalIDString = B895D5372D674444006C0C94;
			remoteInfo = ImageFeed;
		};
		B895D5592D674445006C0C94 /* PBXContainerItemProxy */ = {
			isa = PBXContainerItemProxy;
			containerPortal = B895D5302D674444006C0C94 /* Project object */;
			proxyType = 1;
			remoteGlobalIDString = B895D5372D674444006C0C94;
			remoteInfo = ImageFeed;
		};
/* End PBXContainerItemProxy section */

/* Begin PBXFileReference section */
		B83144D52DA01161000EB66D /* ProfileService.swift */ = {isa = PBXFileReference; lastKnownFileType = sourcecode.swift; path = ProfileService.swift; sourceTree = "<group>"; };
		B8412EF52DCD41E0000BDACC /* ProfileViewPresenter.swift */ = {isa = PBXFileReference; lastKnownFileType = sourcecode.swift; path = ProfileViewPresenter.swift; sourceTree = "<group>"; };
		B841303F2DD269C8000BDACC /* ImageListViewPresenter.swift */ = {isa = PBXFileReference; lastKnownFileType = sourcecode.swift; path = ImageListViewPresenter.swift; sourceTree = "<group>"; };
		B85ADA4E2DA0775500510BC0 /* ProfileImageService.swift */ = {isa = PBXFileReference; lastKnownFileType = sourcecode.swift; path = ProfileImageService.swift; sourceTree = "<group>"; };
		B86246FE2DC169910086F847 /* WebKit.framework */ = {isa = PBXFileReference; lastKnownFileType = wrapper.framework; name = WebKit.framework; path = System/Library/Frameworks/WebKit.framework; sourceTree = SDKROOT; };
		B86248AE2DC418680086F847 /* ProfileLogoutService.swift */ = {isa = PBXFileReference; lastKnownFileType = sourcecode.swift; path = ProfileLogoutService.swift; sourceTree = "<group>"; };
		B895D5382D674444006C0C94 /* ImageFeed.app */ = {isa = PBXFileReference; explicitFileType = wrapper.application; includeInIndex = 0; path = ImageFeed.app; sourceTree = BUILT_PRODUCTS_DIR; };
		B895D54E2D674445006C0C94 /* ImageFeedTests.xctest */ = {isa = PBXFileReference; explicitFileType = wrapper.cfbundle; includeInIndex = 0; path = ImageFeedTests.xctest; sourceTree = BUILT_PRODUCTS_DIR; };
		B895D5582D674445006C0C94 /* ImageFeedUITests.xctest */ = {isa = PBXFileReference; explicitFileType = wrapper.cfbundle; includeInIndex = 0; path = ImageFeedUITests.xctest; sourceTree = BUILT_PRODUCTS_DIR; };
		B89D281D2D73567F007E8D77 /* ImagesListViewController.swift */ = {isa = PBXFileReference; lastKnownFileType = sourcecode.swift; path = ImagesListViewController.swift; sourceTree = "<group>"; };
		B89D28312D73578A007E8D77 /* ImagesListCell.swift */ = {isa = PBXFileReference; lastKnownFileType = sourcecode.swift; path = ImagesListCell.swift; sourceTree = "<group>"; };
		B89D29342D764ACC007E8D77 /* ProfileViewController.swift */ = {isa = PBXFileReference; lastKnownFileType = sourcecode.swift; path = ProfileViewController.swift; sourceTree = "<group>"; };
		B89D29362D77A4F6007E8D77 /* SingleImageViewController.swift */ = {isa = PBXFileReference; lastKnownFileType = sourcecode.swift; path = SingleImageViewController.swift; sourceTree = "<group>"; };
		B8E0BAB52DAEFF93002257E0 /* ProfileImageServiceResponseBody.swift */ = {isa = PBXFileReference; lastKnownFileType = sourcecode.swift; path = ProfileImageServiceResponseBody.swift; sourceTree = "<group>"; };
		B8E0BAB72DAEFFD4002257E0 /* ProfileServiceResponceBody.swift */ = {isa = PBXFileReference; lastKnownFileType = sourcecode.swift; path = ProfileServiceResponceBody.swift; sourceTree = "<group>"; };
/* End PBXFileReference section */

/* Begin PBXFileSystemSynchronizedBuildFileExceptionSet section */
		B895D5602D674445006C0C94 /* Exceptions for "ImageFeed" folder in "ImageFeed" target */ = {
			isa = PBXFileSystemSynchronizedBuildFileExceptionSet;
			membershipExceptions = (
				Info.plist,
			);
			target = B895D5372D674444006C0C94 /* ImageFeed */;
		};
/* End PBXFileSystemSynchronizedBuildFileExceptionSet section */

/* Begin PBXFileSystemSynchronizedRootGroup section */
		B881CFB82DB19B9000784E2D /* ImagesListService */ = {
			isa = PBXFileSystemSynchronizedRootGroup;
			path = ImagesListService;
			sourceTree = "<group>";
		};
		B88281E22D948F6900B493B3 /* AuthService */ = {
			isa = PBXFileSystemSynchronizedRootGroup;
			path = AuthService;
			sourceTree = "<group>";
		};
		B895D53A2D674444006C0C94 /* ImageFeed */ = {
			isa = PBXFileSystemSynchronizedRootGroup;
			exceptions = (
				B895D5602D674445006C0C94 /* Exceptions for "ImageFeed" folder in "ImageFeed" target */,
			);
			path = ImageFeed;
			sourceTree = "<group>";
		};
		B895D5512D674445006C0C94 /* ImageFeedTests */ = {
			isa = PBXFileSystemSynchronizedRootGroup;
			path = ImageFeedTests;
			sourceTree = "<group>";
		};
		B895D55B2D674445006C0C94 /* ImageFeedUITests */ = {
			isa = PBXFileSystemSynchronizedRootGroup;
			path = ImageFeedUITests;
			sourceTree = "<group>";
		};
		B8977D502DAD97EA00D605A0 /* TabBarController */ = {
			isa = PBXFileSystemSynchronizedRootGroup;
			path = TabBarController;
			sourceTree = "<group>";
		};
		B8A4964D2D905D130096E931 /* Auth */ = {
			isa = PBXFileSystemSynchronizedRootGroup;
			path = Auth;
			sourceTree = "<group>";
		};
		B8E367B42D9486A10025D980 /* SplashViewController */ = {
			isa = PBXFileSystemSynchronizedRootGroup;
			path = SplashViewController;
			sourceTree = "<group>";
		};
/* End PBXFileSystemSynchronizedRootGroup section */

/* Begin PBXFrameworksBuildPhase section */
		B895D5352D674444006C0C94 /* Frameworks */ = {
			isa = PBXFrameworksBuildPhase;
			buildActionMask = 2147483647;
			files = (
				B815E1152DAD7E1400CED262 /* Kingfisher in Frameworks */,
				B84CEFD72D9C675700C7F249 /* ProgressHUD in Frameworks */,
				B86246FF2DC169910086F847 /* WebKit.framework in Frameworks */,
				B815E1182DAD8E0800CED262 /* SwiftKeychainWrapper in Frameworks */,
			);
			runOnlyForDeploymentPostprocessing = 0;
		};
		B895D54B2D674445006C0C94 /* Frameworks */ = {
			isa = PBXFrameworksBuildPhase;
			buildActionMask = 2147483647;
			files = (
			);
			runOnlyForDeploymentPostprocessing = 0;
		};
		B895D5552D674445006C0C94 /* Frameworks */ = {
			isa = PBXFrameworksBuildPhase;
			buildActionMask = 2147483647;
			files = (
			);
			runOnlyForDeploymentPostprocessing = 0;
		};
/* End PBXFrameworksBuildPhase section */

/* Begin PBXGroup section */
		B86246FD2DC169910086F847 /* Frameworks */ = {
			isa = PBXGroup;
			children = (
				B86246FE2DC169910086F847 /* WebKit.framework */,
			);
			name = Frameworks;
			sourceTree = "<group>";
		};
		B89204AA2D7A218300B091DF /* Profile */ = {
			isa = PBXGroup;
			children = (
				B8412EF52DCD41E0000BDACC /* ProfileViewPresenter.swift */,
				B86248AE2DC418680086F847 /* ProfileLogoutService.swift */,
				B8E0BAB72DAEFFD4002257E0 /* ProfileServiceResponceBody.swift */,
				B8E0BAB52DAEFF93002257E0 /* ProfileImageServiceResponseBody.swift */,
				B85ADA4E2DA0775500510BC0 /* ProfileImageService.swift */,
				B83144D52DA01161000EB66D /* ProfileService.swift */,
				B89D29342D764ACC007E8D77 /* ProfileViewController.swift */,
			);
			path = Profile;
			sourceTree = "<group>";
		};
		B89204AB2D7A219400B091DF /* SingleImage */ = {
			isa = PBXGroup;
			children = (
				B89D29362D77A4F6007E8D77 /* SingleImageViewController.swift */,
			);
			path = SingleImage;
			sourceTree = "<group>";
		};
		B895D52F2D674444006C0C94 = {
			isa = PBXGroup;
			children = (
				B8A4964D2D905D130096E931 /* Auth */,
				B88281E22D948F6900B493B3 /* AuthService */,
				B86246FD2DC169910086F847 /* Frameworks */,
				B895D53A2D674444006C0C94 /* ImageFeed */,
				B895D5512D674445006C0C94 /* ImageFeedTests */,
				B895D55B2D674445006C0C94 /* ImageFeedUITests */,
				B89D28332D7357C4007E8D77 /* ImagesList */,
				B881CFB82DB19B9000784E2D /* ImagesListService */,
				B895D5392D674444006C0C94 /* Products */,
				B89204AA2D7A218300B091DF /* Profile */,
				B89204AB2D7A219400B091DF /* SingleImage */,
				B8E367B42D9486A10025D980 /* SplashViewController */,
				B8977D502DAD97EA00D605A0 /* TabBarController */,
			);
			sourceTree = "<group>";
		};
		B895D5392D674444006C0C94 /* Products */ = {
			isa = PBXGroup;
			children = (
				B895D5382D674444006C0C94 /* ImageFeed.app */,
				B895D54E2D674445006C0C94 /* ImageFeedTests.xctest */,
				B895D5582D674445006C0C94 /* ImageFeedUITests.xctest */,
			);
			name = Products;
			sourceTree = "<group>";
		};
		B89D28332D7357C4007E8D77 /* ImagesList */ = {
			isa = PBXGroup;
			children = (
				B841303F2DD269C8000BDACC /* ImageListViewPresenter.swift */,
				B89D281D2D73567F007E8D77 /* ImagesListViewController.swift */,
				B89D28312D73578A007E8D77 /* ImagesListCell.swift */,
			);
			path = ImagesList;
			sourceTree = "<group>";
		};
/* End PBXGroup section */

/* Begin PBXNativeTarget section */
		B895D5372D674444006C0C94 /* ImageFeed */ = {
			isa = PBXNativeTarget;
			buildConfigurationList = B895D5612D674445006C0C94 /* Build configuration list for PBXNativeTarget "ImageFeed" */;
			buildPhases = (
				B895D5342D674444006C0C94 /* Sources */,
				B895D5352D674444006C0C94 /* Frameworks */,
				B895D5362D674444006C0C94 /* Resources */,
			);
			buildRules = (
			);
			dependencies = (
			);
			fileSystemSynchronizedGroups = (
				B881CFB82DB19B9000784E2D /* ImagesListService */,
				B88281E22D948F6900B493B3 /* AuthService */,
				B895D53A2D674444006C0C94 /* ImageFeed */,
				B8977D502DAD97EA00D605A0 /* TabBarController */,
				B8A4964D2D905D130096E931 /* Auth */,
				B8E367B42D9486A10025D980 /* SplashViewController */,
			);
			name = ImageFeed;
			packageProductDependencies = (
				B84CEFD62D9C675700C7F249 /* ProgressHUD */,
				B815E1142DAD7E1400CED262 /* Kingfisher */,
				B815E1172DAD8E0800CED262 /* SwiftKeychainWrapper */,
			);
			productName = ImageFeed;
			productReference = B895D5382D674444006C0C94 /* ImageFeed.app */;
			productType = "com.apple.product-type.application";
		};
		B895D54D2D674445006C0C94 /* ImageFeedTests */ = {
			isa = PBXNativeTarget;
			buildConfigurationList = B895D5662D674445006C0C94 /* Build configuration list for PBXNativeTarget "ImageFeedTests" */;
			buildPhases = (
				B895D54A2D674445006C0C94 /* Sources */,
				B895D54B2D674445006C0C94 /* Frameworks */,
				B895D54C2D674445006C0C94 /* Resources */,
			);
			buildRules = (
			);
			dependencies = (
				B895D5502D674445006C0C94 /* PBXTargetDependency */,
			);
			fileSystemSynchronizedGroups = (
				B895D5512D674445006C0C94 /* ImageFeedTests */,
			);
			name = ImageFeedTests;
			packageProductDependencies = (
			);
			productName = ImageFeedTests;
			productReference = B895D54E2D674445006C0C94 /* ImageFeedTests.xctest */;
			productType = "com.apple.product-type.bundle.unit-test";
		};
		B895D5572D674445006C0C94 /* ImageFeedUITests */ = {
			isa = PBXNativeTarget;
			buildConfigurationList = B895D5692D674445006C0C94 /* Build configuration list for PBXNativeTarget "ImageFeedUITests" */;
			buildPhases = (
				B895D5542D674445006C0C94 /* Sources */,
				B895D5552D674445006C0C94 /* Frameworks */,
				B895D5562D674445006C0C94 /* Resources */,
			);
			buildRules = (
			);
			dependencies = (
				B895D55A2D674445006C0C94 /* PBXTargetDependency */,
			);
			fileSystemSynchronizedGroups = (
				B895D55B2D674445006C0C94 /* ImageFeedUITests */,
			);
			name = ImageFeedUITests;
			packageProductDependencies = (
			);
			productName = ImageFeedUITests;
			productReference = B895D5582D674445006C0C94 /* ImageFeedUITests.xctest */;
			productType = "com.apple.product-type.bundle.ui-testing";
		};
/* End PBXNativeTarget section */

/* Begin PBXProject section */
		B895D5302D674444006C0C94 /* Project object */ = {
			isa = PBXProject;
			attributes = {
				BuildIndependentTargetsInParallel = 1;
				LastSwiftUpdateCheck = 1620;
				LastUpgradeCheck = 1620;
				TargetAttributes = {
					B895D5372D674444006C0C94 = {
						CreatedOnToolsVersion = 16.2;
					};
					B895D54D2D674445006C0C94 = {
						CreatedOnToolsVersion = 16.2;
						TestTargetID = B895D5372D674444006C0C94;
					};
					B895D5572D674445006C0C94 = {
						CreatedOnToolsVersion = 16.2;
						TestTargetID = B895D5372D674444006C0C94;
					};
				};
			};
			buildConfigurationList = B895D5332D674444006C0C94 /* Build configuration list for PBXProject "ImageFeed" */;
			developmentRegion = en;
			hasScannedForEncodings = 0;
			knownRegions = (
				en,
				Base,
			);
			mainGroup = B895D52F2D674444006C0C94;
			minimizedProjectReferenceProxies = 1;
			packageReferences = (
				B84CEFD52D9C675700C7F249 /* XCRemoteSwiftPackageReference "ProgressHUD" */,
				B815E1132DAD7E1400CED262 /* XCRemoteSwiftPackageReference "Kingfisher" */,
				B815E1162DAD8E0800CED262 /* XCRemoteSwiftPackageReference "SwiftKeychainWrapper" */,
			);
			preferredProjectObjectVersion = 77;
			productRefGroup = B895D5392D674444006C0C94 /* Products */;
			projectDirPath = "";
			projectRoot = "";
			targets = (
				B895D5372D674444006C0C94 /* ImageFeed */,
				B895D54D2D674445006C0C94 /* ImageFeedTests */,
				B895D5572D674445006C0C94 /* ImageFeedUITests */,
			);
		};
/* End PBXProject section */

/* Begin PBXResourcesBuildPhase section */
		B895D5362D674444006C0C94 /* Resources */ = {
			isa = PBXResourcesBuildPhase;
			buildActionMask = 2147483647;
			files = (
			);
			runOnlyForDeploymentPostprocessing = 0;
		};
		B895D54C2D674445006C0C94 /* Resources */ = {
			isa = PBXResourcesBuildPhase;
			buildActionMask = 2147483647;
			files = (
			);
			runOnlyForDeploymentPostprocessing = 0;
		};
		B895D5562D674445006C0C94 /* Resources */ = {
			isa = PBXResourcesBuildPhase;
			buildActionMask = 2147483647;
			files = (
			);
			runOnlyForDeploymentPostprocessing = 0;
		};
/* End PBXResourcesBuildPhase section */

/* Begin PBXSourcesBuildPhase section */
		B895D5342D674444006C0C94 /* Sources */ = {
			isa = PBXSourcesBuildPhase;
			buildActionMask = 2147483647;
			files = (
				B85ADA4F2DA0775A00510BC0 /* ProfileImageService.swift in Sources */,
				B86248AF2DC4186B0086F847 /* ProfileLogoutService.swift in Sources */,
				B89D28322D73578E007E8D77 /* ImagesListCell.swift in Sources */,
				B83144D62DA01167000EB66D /* ProfileService.swift in Sources */,
				B8412EF62DCD41EA000BDACC /* ProfileViewPresenter.swift in Sources */,
				B89D29352D764AD1007E8D77 /* ProfileViewController.swift in Sources */,
				B89D29372D77A4FA007E8D77 /* SingleImageViewController.swift in Sources */,
				B8E0BAB82DAEFFE0002257E0 /* ProfileServiceResponceBody.swift in Sources */,
				B84130402DD269D5000BDACC /* ImageListViewPresenter.swift in Sources */,
				B8E0BAB62DAEFFA6002257E0 /* ProfileImageServiceResponseBody.swift in Sources */,
				B89D28252D73567F007E8D77 /* ImagesListViewController.swift in Sources */,
			);
			runOnlyForDeploymentPostprocessing = 0;
		};
		B895D54A2D674445006C0C94 /* Sources */ = {
			isa = PBXSourcesBuildPhase;
			buildActionMask = 2147483647;
			files = (
			);
			runOnlyForDeploymentPostprocessing = 0;
		};
		B895D5542D674445006C0C94 /* Sources */ = {
			isa = PBXSourcesBuildPhase;
			buildActionMask = 2147483647;
			files = (
			);
			runOnlyForDeploymentPostprocessing = 0;
		};
/* End PBXSourcesBuildPhase section */

/* Begin PBXTargetDependency section */
		B895D5502D674445006C0C94 /* PBXTargetDependency */ = {
			isa = PBXTargetDependency;
			target = B895D5372D674444006C0C94 /* ImageFeed */;
			targetProxy = B895D54F2D674445006C0C94 /* PBXContainerItemProxy */;
		};
		B895D55A2D674445006C0C94 /* PBXTargetDependency */ = {
			isa = PBXTargetDependency;
			target = B895D5372D674444006C0C94 /* ImageFeed */;
			targetProxy = B895D5592D674445006C0C94 /* PBXContainerItemProxy */;
		};
/* End PBXTargetDependency section */

/* Begin XCBuildConfiguration section */
		B895D5622D674445006C0C94 /* Debug */ = {
			isa = XCBuildConfiguration;
			buildSettings = {
				ASSETCATALOG_COMPILER_APPICON_NAME = AppIcon;
				ASSETCATALOG_COMPILER_GLOBAL_ACCENT_COLOR_NAME = AccentColor;
				CODE_SIGN_STYLE = Automatic;
				CURRENT_PROJECT_VERSION = 1;
				DEVELOPMENT_TEAM = TQ873YGCDK;
				GENERATE_INFOPLIST_FILE = YES;
				INFOPLIST_FILE = ImageFeed/Info.plist;
				INFOPLIST_KEY_UIApplicationSupportsIndirectInputEvents = YES;
				INFOPLIST_KEY_UILaunchStoryboardName = LaunchScreen;
				INFOPLIST_KEY_UIMainStoryboardFile = Main;
				INFOPLIST_KEY_UIStatusBarStyle = UIStatusBarStyleLightContent;
				INFOPLIST_KEY_UISupportedInterfaceOrientations = UIInterfaceOrientationPortrait;
				INFOPLIST_KEY_UISupportedInterfaceOrientations_iPad = "UIInterfaceOrientationLandscapeLeft UIInterfaceOrientationLandscapeRight UIInterfaceOrientationPortrait UIInterfaceOrientationPortraitUpsideDown";
				IPHONEOS_DEPLOYMENT_TARGET = 13;
				LD_RUNPATH_SEARCH_PATHS = (
					"$(inherited)",
					"@executable_path/Frameworks",
				);
				MARKETING_VERSION = 1.0;
				PRODUCT_BUNDLE_IDENTIFIER = "ru.yandex.practicum-sda.ImageFeed";
				PRODUCT_NAME = "$(TARGET_NAME)";
				SUPPORTED_PLATFORMS = "iphoneos iphonesimulator";
				SUPPORTS_MACCATALYST = NO;
				SUPPORTS_MAC_DESIGNED_FOR_IPHONE_IPAD = NO;
				SUPPORTS_XR_DESIGNED_FOR_IPHONE_IPAD = NO;
				SWIFT_EMIT_LOC_STRINGS = YES;
				SWIFT_VERSION = 5.0;
				TARGETED_DEVICE_FAMILY = 1;
			};
			name = Debug;
		};
		B895D5632D674445006C0C94 /* Release */ = {
			isa = XCBuildConfiguration;
			buildSettings = {
				ASSETCATALOG_COMPILER_APPICON_NAME = AppIcon;
				ASSETCATALOG_COMPILER_GLOBAL_ACCENT_COLOR_NAME = AccentColor;
				CODE_SIGN_STYLE = Automatic;
				CURRENT_PROJECT_VERSION = 1;
				DEVELOPMENT_TEAM = TQ873YGCDK;
				GENERATE_INFOPLIST_FILE = YES;
				INFOPLIST_FILE = ImageFeed/Info.plist;
				INFOPLIST_KEY_UIApplicationSupportsIndirectInputEvents = YES;
				INFOPLIST_KEY_UILaunchStoryboardName = LaunchScreen;
				INFOPLIST_KEY_UIMainStoryboardFile = Main;
				INFOPLIST_KEY_UIStatusBarStyle = UIStatusBarStyleLightContent;
				INFOPLIST_KEY_UISupportedInterfaceOrientations = UIInterfaceOrientationPortrait;
				INFOPLIST_KEY_UISupportedInterfaceOrientations_iPad = "UIInterfaceOrientationLandscapeLeft UIInterfaceOrientationLandscapeRight UIInterfaceOrientationPortrait UIInterfaceOrientationPortraitUpsideDown";
				IPHONEOS_DEPLOYMENT_TARGET = 13;
				LD_RUNPATH_SEARCH_PATHS = (
					"$(inherited)",
					"@executable_path/Frameworks",
				);
				MARKETING_VERSION = 1.0;
				PRODUCT_BUNDLE_IDENTIFIER = "ru.yandex.practicum-sda.ImageFeed";
				PRODUCT_NAME = "$(TARGET_NAME)";
				SUPPORTED_PLATFORMS = "iphoneos iphonesimulator";
				SUPPORTS_MACCATALYST = NO;
				SUPPORTS_MAC_DESIGNED_FOR_IPHONE_IPAD = NO;
				SUPPORTS_XR_DESIGNED_FOR_IPHONE_IPAD = NO;
				SWIFT_EMIT_LOC_STRINGS = YES;
				SWIFT_VERSION = 5.0;
				TARGETED_DEVICE_FAMILY = 1;
			};
			name = Release;
		};
		B895D5642D674445006C0C94 /* Debug */ = {
			isa = XCBuildConfiguration;
			buildSettings = {
				ALWAYS_SEARCH_USER_PATHS = NO;
				ASSETCATALOG_COMPILER_GENERATE_SWIFT_ASSET_SYMBOL_EXTENSIONS = YES;
				CLANG_ANALYZER_NONNULL = YES;
				CLANG_ANALYZER_NUMBER_OBJECT_CONVERSION = YES_AGGRESSIVE;
				CLANG_CXX_LANGUAGE_STANDARD = "gnu++20";
				CLANG_ENABLE_MODULES = YES;
				CLANG_ENABLE_OBJC_ARC = YES;
				CLANG_ENABLE_OBJC_WEAK = YES;
				CLANG_WARN_BLOCK_CAPTURE_AUTORELEASING = YES;
				CLANG_WARN_BOOL_CONVERSION = YES;
				CLANG_WARN_COMMA = YES;
				CLANG_WARN_CONSTANT_CONVERSION = YES;
				CLANG_WARN_DEPRECATED_OBJC_IMPLEMENTATIONS = YES;
				CLANG_WARN_DIRECT_OBJC_ISA_USAGE = YES_ERROR;
				CLANG_WARN_DOCUMENTATION_COMMENTS = YES;
				CLANG_WARN_EMPTY_BODY = YES;
				CLANG_WARN_ENUM_CONVERSION = YES;
				CLANG_WARN_INFINITE_RECURSION = YES;
				CLANG_WARN_INT_CONVERSION = YES;
				CLANG_WARN_NON_LITERAL_NULL_CONVERSION = YES;
				CLANG_WARN_OBJC_IMPLICIT_RETAIN_SELF = YES;
				CLANG_WARN_OBJC_LITERAL_CONVERSION = YES;
				CLANG_WARN_OBJC_ROOT_CLASS = YES_ERROR;
				CLANG_WARN_QUOTED_INCLUDE_IN_FRAMEWORK_HEADER = YES;
				CLANG_WARN_RANGE_LOOP_ANALYSIS = YES;
				CLANG_WARN_STRICT_PROTOTYPES = YES;
				CLANG_WARN_SUSPICIOUS_MOVE = YES;
				CLANG_WARN_UNGUARDED_AVAILABILITY = YES_AGGRESSIVE;
				CLANG_WARN_UNREACHABLE_CODE = YES;
				CLANG_WARN__DUPLICATE_METHOD_MATCH = YES;
				COPY_PHASE_STRIP = NO;
				DEBUG_INFORMATION_FORMAT = dwarf;
				ENABLE_STRICT_OBJC_MSGSEND = YES;
				ENABLE_TESTABILITY = YES;
				ENABLE_USER_SCRIPT_SANDBOXING = YES;
				GCC_C_LANGUAGE_STANDARD = gnu17;
				GCC_DYNAMIC_NO_PIC = NO;
				GCC_NO_COMMON_BLOCKS = YES;
				GCC_OPTIMIZATION_LEVEL = 0;
				GCC_PREPROCESSOR_DEFINITIONS = (
					"DEBUG=1",
					"$(inherited)",
				);
				GCC_WARN_64_TO_32_BIT_CONVERSION = YES;
				GCC_WARN_ABOUT_RETURN_TYPE = YES_ERROR;
				GCC_WARN_UNDECLARED_SELECTOR = YES;
				GCC_WARN_UNINITIALIZED_AUTOS = YES_AGGRESSIVE;
				GCC_WARN_UNUSED_FUNCTION = YES;
				GCC_WARN_UNUSED_VARIABLE = YES;
				IPHONEOS_DEPLOYMENT_TARGET = 18.2;
				LOCALIZATION_PREFERS_STRING_CATALOGS = YES;
				MTL_ENABLE_DEBUG_INFO = INCLUDE_SOURCE;
				MTL_FAST_MATH = YES;
				ONLY_ACTIVE_ARCH = YES;
				SDKROOT = iphoneos;
				SWIFT_ACTIVE_COMPILATION_CONDITIONS = "DEBUG $(inherited)";
				SWIFT_OPTIMIZATION_LEVEL = "-Onone";
			};
			name = Debug;
		};
		B895D5652D674445006C0C94 /* Release */ = {
			isa = XCBuildConfiguration;
			buildSettings = {
				ALWAYS_SEARCH_USER_PATHS = NO;
				ASSETCATALOG_COMPILER_GENERATE_SWIFT_ASSET_SYMBOL_EXTENSIONS = YES;
				CLANG_ANALYZER_NONNULL = YES;
				CLANG_ANALYZER_NUMBER_OBJECT_CONVERSION = YES_AGGRESSIVE;
				CLANG_CXX_LANGUAGE_STANDARD = "gnu++20";
				CLANG_ENABLE_MODULES = YES;
				CLANG_ENABLE_OBJC_ARC = YES;
				CLANG_ENABLE_OBJC_WEAK = YES;
				CLANG_WARN_BLOCK_CAPTURE_AUTORELEASING = YES;
				CLANG_WARN_BOOL_CONVERSION = YES;
				CLANG_WARN_COMMA = YES;
				CLANG_WARN_CONSTANT_CONVERSION = YES;
				CLANG_WARN_DEPRECATED_OBJC_IMPLEMENTATIONS = YES;
				CLANG_WARN_DIRECT_OBJC_ISA_USAGE = YES_ERROR;
				CLANG_WARN_DOCUMENTATION_COMMENTS = YES;
				CLANG_WARN_EMPTY_BODY = YES;
				CLANG_WARN_ENUM_CONVERSION = YES;
				CLANG_WARN_INFINITE_RECURSION = YES;
				CLANG_WARN_INT_CONVERSION = YES;
				CLANG_WARN_NON_LITERAL_NULL_CONVERSION = YES;
				CLANG_WARN_OBJC_IMPLICIT_RETAIN_SELF = YES;
				CLANG_WARN_OBJC_LITERAL_CONVERSION = YES;
				CLANG_WARN_OBJC_ROOT_CLASS = YES_ERROR;
				CLANG_WARN_QUOTED_INCLUDE_IN_FRAMEWORK_HEADER = YES;
				CLANG_WARN_RANGE_LOOP_ANALYSIS = YES;
				CLANG_WARN_STRICT_PROTOTYPES = YES;
				CLANG_WARN_SUSPICIOUS_MOVE = YES;
				CLANG_WARN_UNGUARDED_AVAILABILITY = YES_AGGRESSIVE;
				CLANG_WARN_UNREACHABLE_CODE = YES;
				CLANG_WARN__DUPLICATE_METHOD_MATCH = YES;
				COPY_PHASE_STRIP = NO;
				DEBUG_INFORMATION_FORMAT = "dwarf-with-dsym";
				ENABLE_NS_ASSERTIONS = NO;
				ENABLE_STRICT_OBJC_MSGSEND = YES;
				ENABLE_USER_SCRIPT_SANDBOXING = YES;
				GCC_C_LANGUAGE_STANDARD = gnu17;
				GCC_NO_COMMON_BLOCKS = YES;
				GCC_WARN_64_TO_32_BIT_CONVERSION = YES;
				GCC_WARN_ABOUT_RETURN_TYPE = YES_ERROR;
				GCC_WARN_UNDECLARED_SELECTOR = YES;
				GCC_WARN_UNINITIALIZED_AUTOS = YES_AGGRESSIVE;
				GCC_WARN_UNUSED_FUNCTION = YES;
				GCC_WARN_UNUSED_VARIABLE = YES;
				IPHONEOS_DEPLOYMENT_TARGET = 18.2;
				LOCALIZATION_PREFERS_STRING_CATALOGS = YES;
				MTL_ENABLE_DEBUG_INFO = NO;
				MTL_FAST_MATH = YES;
				SDKROOT = iphoneos;
				SWIFT_COMPILATION_MODE = wholemodule;
				VALIDATE_PRODUCT = YES;
			};
			name = Release;
		};
		B895D5672D674445006C0C94 /* Debug */ = {
			isa = XCBuildConfiguration;
			buildSettings = {
				BUNDLE_LOADER = "$(TEST_HOST)";
				CODE_SIGN_STYLE = Automatic;
				CURRENT_PROJECT_VERSION = 1;
				DEVELOPMENT_TEAM = TQ873YGCDK;
				GENERATE_INFOPLIST_FILE = YES;
				IPHONEOS_DEPLOYMENT_TARGET = 13;
				MARKETING_VERSION = 1.0;
				PRODUCT_BUNDLE_IDENTIFIER = "ru.yandex.practicum-sda.ImageFeedTests";
				PRODUCT_NAME = "$(TARGET_NAME)";
				SUPPORTED_PLATFORMS = "iphoneos iphonesimulator";
				SUPPORTS_MACCATALYST = NO;
				SUPPORTS_MAC_DESIGNED_FOR_IPHONE_IPAD = NO;
				SUPPORTS_XR_DESIGNED_FOR_IPHONE_IPAD = NO;
				SWIFT_EMIT_LOC_STRINGS = NO;
				SWIFT_VERSION = 5.0;
				TARGETED_DEVICE_FAMILY = 1;
				TEST_HOST = "$(BUILT_PRODUCTS_DIR)/ImageFeed.app/$(BUNDLE_EXECUTABLE_FOLDER_PATH)/ImageFeed";
			};
			name = Debug;
		};
		B895D5682D674445006C0C94 /* Release */ = {
			isa = XCBuildConfiguration;
			buildSettings = {
				BUNDLE_LOADER = "$(TEST_HOST)";
				CODE_SIGN_STYLE = Automatic;
				CURRENT_PROJECT_VERSION = 1;
				DEVELOPMENT_TEAM = TQ873YGCDK;
				GENERATE_INFOPLIST_FILE = YES;
				IPHONEOS_DEPLOYMENT_TARGET = 13;
				MARKETING_VERSION = 1.0;
				PRODUCT_BUNDLE_IDENTIFIER = "ru.yandex.practicum-sda.ImageFeedTests";
				PRODUCT_NAME = "$(TARGET_NAME)";
				SUPPORTED_PLATFORMS = "iphoneos iphonesimulator";
				SUPPORTS_MACCATALYST = NO;
				SUPPORTS_MAC_DESIGNED_FOR_IPHONE_IPAD = NO;
				SUPPORTS_XR_DESIGNED_FOR_IPHONE_IPAD = NO;
				SWIFT_EMIT_LOC_STRINGS = NO;
				SWIFT_VERSION = 5.0;
				TARGETED_DEVICE_FAMILY = 1;
				TEST_HOST = "$(BUILT_PRODUCTS_DIR)/ImageFeed.app/$(BUNDLE_EXECUTABLE_FOLDER_PATH)/ImageFeed";
			};
			name = Release;
		};
		B895D56A2D674445006C0C94 /* Debug */ = {
			isa = XCBuildConfiguration;
			buildSettings = {
				CODE_SIGN_STYLE = Automatic;
				CURRENT_PROJECT_VERSION = 1;
				DEVELOPMENT_TEAM = TQ873YGCDK;
				GENERATE_INFOPLIST_FILE = YES;
				IPHONEOS_DEPLOYMENT_TARGET = 13;
				MARKETING_VERSION = 1.0;
				PRODUCT_BUNDLE_IDENTIFIER = "ru.yandex.practicum-sda.ImageFeedUITests";
				PRODUCT_NAME = "$(TARGET_NAME)";
				SUPPORTED_PLATFORMS = "iphoneos iphonesimulator";
				SUPPORTS_MACCATALYST = NO;
				SUPPORTS_MAC_DESIGNED_FOR_IPHONE_IPAD = NO;
				SUPPORTS_XR_DESIGNED_FOR_IPHONE_IPAD = NO;
				SWIFT_EMIT_LOC_STRINGS = NO;
				SWIFT_VERSION = 5.0;
				TARGETED_DEVICE_FAMILY = 1;
				TEST_TARGET_NAME = ImageFeed;
			};
			name = Debug;
		};
		B895D56B2D674445006C0C94 /* Release */ = {
			isa = XCBuildConfiguration;
			buildSettings = {
				CODE_SIGN_STYLE = Automatic;
				CURRENT_PROJECT_VERSION = 1;
				DEVELOPMENT_TEAM = TQ873YGCDK;
				GENERATE_INFOPLIST_FILE = YES;
				IPHONEOS_DEPLOYMENT_TARGET = 13;
				MARKETING_VERSION = 1.0;
				PRODUCT_BUNDLE_IDENTIFIER = "ru.yandex.practicum-sda.ImageFeedUITests";
				PRODUCT_NAME = "$(TARGET_NAME)";
				SUPPORTED_PLATFORMS = "iphoneos iphonesimulator";
				SUPPORTS_MACCATALYST = NO;
				SUPPORTS_MAC_DESIGNED_FOR_IPHONE_IPAD = NO;
				SUPPORTS_XR_DESIGNED_FOR_IPHONE_IPAD = NO;
				SWIFT_EMIT_LOC_STRINGS = NO;
				SWIFT_VERSION = 5.0;
				TARGETED_DEVICE_FAMILY = 1;
				TEST_TARGET_NAME = ImageFeed;
			};
			name = Release;
		};
/* End XCBuildConfiguration section */

/* Begin XCConfigurationList section */
		B895D5332D674444006C0C94 /* Build configuration list for PBXProject "ImageFeed" */ = {
			isa = XCConfigurationList;
			buildConfigurations = (
				B895D5642D674445006C0C94 /* Debug */,
				B895D5652D674445006C0C94 /* Release */,
			);
			defaultConfigurationIsVisible = 0;
			defaultConfigurationName = Release;
		};
		B895D5612D674445006C0C94 /* Build configuration list for PBXNativeTarget "ImageFeed" */ = {
			isa = XCConfigurationList;
			buildConfigurations = (
				B895D5622D674445006C0C94 /* Debug */,
				B895D5632D674445006C0C94 /* Release */,
			);
			defaultConfigurationIsVisible = 0;
			defaultConfigurationName = Release;
		};
		B895D5662D674445006C0C94 /* Build configuration list for PBXNativeTarget "ImageFeedTests" */ = {
			isa = XCConfigurationList;
			buildConfigurations = (
				B895D5672D674445006C0C94 /* Debug */,
				B895D5682D674445006C0C94 /* Release */,
			);
			defaultConfigurationIsVisible = 0;
			defaultConfigurationName = Release;
		};
		B895D5692D674445006C0C94 /* Build configuration list for PBXNativeTarget "ImageFeedUITests" */ = {
			isa = XCConfigurationList;
			buildConfigurations = (
				B895D56A2D674445006C0C94 /* Debug */,
				B895D56B2D674445006C0C94 /* Release */,
			);
			defaultConfigurationIsVisible = 0;
			defaultConfigurationName = Release;
		};
/* End XCConfigurationList section */

/* Begin XCRemoteSwiftPackageReference section */
		B815E1132DAD7E1400CED262 /* XCRemoteSwiftPackageReference "Kingfisher" */ = {
			isa = XCRemoteSwiftPackageReference;
			repositoryURL = "https://github.com/onevcat/Kingfisher.git";
			requirement = {
				kind = upToNextMajorVersion;
				minimumVersion = 8.3.2;
			};
		};
		B815E1162DAD8E0800CED262 /* XCRemoteSwiftPackageReference "SwiftKeychainWrapper" */ = {
			isa = XCRemoteSwiftPackageReference;
			repositoryURL = "https://github.com/jrendel/SwiftKeychainWrapper";
			requirement = {
				kind = upToNextMajorVersion;
				minimumVersion = 4.0.1;
			};
		};
		B84CEFD52D9C675700C7F249 /* XCRemoteSwiftPackageReference "ProgressHUD" */ = {
			isa = XCRemoteSwiftPackageReference;
			repositoryURL = "https://github.com/relatedcode/ProgressHUD.git";
			requirement = {
				kind = upToNextMajorVersion;
				minimumVersion = 14.1.3;
			};
		};
/* End XCRemoteSwiftPackageReference section */

/* Begin XCSwiftPackageProductDependency section */
		B815E1142DAD7E1400CED262 /* Kingfisher */ = {
			isa = XCSwiftPackageProductDependency;
			package = B815E1132DAD7E1400CED262 /* XCRemoteSwiftPackageReference "Kingfisher" */;
			productName = Kingfisher;
		};
		B815E1172DAD8E0800CED262 /* SwiftKeychainWrapper */ = {
			isa = XCSwiftPackageProductDependency;
			package = B815E1162DAD8E0800CED262 /* XCRemoteSwiftPackageReference "SwiftKeychainWrapper" */;
			productName = SwiftKeychainWrapper;
		};
		B84CEFD62D9C675700C7F249 /* ProgressHUD */ = {
			isa = XCSwiftPackageProductDependency;
			package = B84CEFD52D9C675700C7F249 /* XCRemoteSwiftPackageReference "ProgressHUD" */;
			productName = ProgressHUD;
		};
/* End XCSwiftPackageProductDependency section */
	};
	rootObject = B895D5302D674444006C0C94 /* Project object */;
}
